// !$*UTF8*$!
{
	archiveVersion = 1;
	classes = {
	};
	objectVersion = 56;
	objects = {

/* Begin PBXBuildFile section */
		341195672942B07000806BA9 /* LocationFetcher.swift in Sources */ = {isa = PBXBuildFile; fileRef = 341195662942B07000806BA9 /* LocationFetcher.swift */; };
		3411956D2942B3E100806BA9 /* PersonOriginal.swift in Sources */ = {isa = PBXBuildFile; fileRef = 3411956C2942B3E100806BA9 /* PersonOriginal.swift */; };
		349E495A2941596200D100A0 /* PersonLookupApp.swift in Sources */ = {isa = PBXBuildFile; fileRef = 349E49592941596200D100A0 /* PersonLookupApp.swift */; };
		349E495C2941596200D100A0 /* ContentView.swift in Sources */ = {isa = PBXBuildFile; fileRef = 349E495B2941596200D100A0 /* ContentView.swift */; };
		349E495E2941596400D100A0 /* Assets.xcassets in Resources */ = {isa = PBXBuildFile; fileRef = 349E495D2941596400D100A0 /* Assets.xcassets */; };
		349E49622941596400D100A0 /* Preview Assets.xcassets in Resources */ = {isa = PBXBuildFile; fileRef = 349E49612941596400D100A0 /* Preview Assets.xcassets */; };
		349E49692941599B00D100A0 /* ContentView-ViewModel.swift in Sources */ = {isa = PBXBuildFile; fileRef = 349E49682941599B00D100A0 /* ContentView-ViewModel.swift */; };
		349E496B294159C700D100A0 /* Person.swift in Sources */ = {isa = PBXBuildFile; fileRef = 349E496A294159C600D100A0 /* Person.swift */; };
		349E496D29415AD200D100A0 /* PersonListView.swift in Sources */ = {isa = PBXBuildFile; fileRef = 349E496C29415AD200D100A0 /* PersonListView.swift */; };
		349E496F29415BEF00D100A0 /* AddPersonView.swift in Sources */ = {isa = PBXBuildFile; fileRef = 349E496E29415BEF00D100A0 /* AddPersonView.swift */; };
		349E497129415C1900D100A0 /* ImagePicker.swift in Sources */ = {isa = PBXBuildFile; fileRef = 349E497029415C1900D100A0 /* ImagePicker.swift */; };
		349E497329415C3300D100A0 /* FileManager-DocumentsDirectory.swift in Sources */ = {isa = PBXBuildFile; fileRef = 349E497229415C3300D100A0 /* FileManager-DocumentsDirectory.swift */; };
		34CB739E294297840061CB17 /* DetailView.swift in Sources */ = {isa = PBXBuildFile; fileRef = 34CB739D294297840061CB17 /* DetailView.swift */; };
/* End PBXBuildFile section */

/* Begin PBXFileReference section */
		341195662942B07000806BA9 /* LocationFetcher.swift */ = {isa = PBXFileReference; lastKnownFileType = sourcecode.swift; path = LocationFetcher.swift; sourceTree = "<group>"; };
		3411956C2942B3E100806BA9 /* PersonOriginal.swift */ = {isa = PBXFileReference; lastKnownFileType = sourcecode.swift; path = PersonOriginal.swift; sourceTree = "<group>"; };
		349E49562941596200D100A0 /* PersonLookup.app */ = {isa = PBXFileReference; explicitFileType = wrapper.application; includeInIndex = 0; path = PersonLookup.app; sourceTree = BUILT_PRODUCTS_DIR; };
		349E49592941596200D100A0 /* PersonLookupApp.swift */ = {isa = PBXFileReference; lastKnownFileType = sourcecode.swift; path = PersonLookupApp.swift; sourceTree = "<group>"; };
		349E495B2941596200D100A0 /* ContentView.swift */ = {isa = PBXFileReference; lastKnownFileType = sourcecode.swift; path = ContentView.swift; sourceTree = "<group>"; };
		349E495D2941596400D100A0 /* Assets.xcassets */ = {isa = PBXFileReference; lastKnownFileType = folder.assetcatalog; path = Assets.xcassets; sourceTree = "<group>"; };
		349E495F2941596400D100A0 /* PersonLookup.entitlements */ = {isa = PBXFileReference; lastKnownFileType = text.plist.entitlements; path = PersonLookup.entitlements; sourceTree = "<group>"; };
		349E49612941596400D100A0 /* Preview Assets.xcassets */ = {isa = PBXFileReference; lastKnownFileType = folder.assetcatalog; path = "Preview Assets.xcassets"; sourceTree = "<group>"; };
		349E49682941599B00D100A0 /* ContentView-ViewModel.swift */ = {isa = PBXFileReference; lastKnownFileType = sourcecode.swift; path = "ContentView-ViewModel.swift"; sourceTree = "<group>"; };
		349E496A294159C600D100A0 /* Person.swift */ = {isa = PBXFileReference; lastKnownFileType = sourcecode.swift; path = Person.swift; sourceTree = "<group>"; };
		349E496C29415AD200D100A0 /* PersonListView.swift */ = {isa = PBXFileReference; lastKnownFileType = sourcecode.swift; path = PersonListView.swift; sourceTree = "<group>"; };
		349E496E29415BEF00D100A0 /* AddPersonView.swift */ = {isa = PBXFileReference; lastKnownFileType = sourcecode.swift; path = AddPersonView.swift; sourceTree = "<group>"; };
		349E497029415C1900D100A0 /* ImagePicker.swift */ = {isa = PBXFileReference; lastKnownFileType = sourcecode.swift; path = ImagePicker.swift; sourceTree = "<group>"; };
		349E497229415C3300D100A0 /* FileManager-DocumentsDirectory.swift */ = {isa = PBXFileReference; lastKnownFileType = sourcecode.swift; path = "FileManager-DocumentsDirectory.swift"; sourceTree = "<group>"; };
		34CB739D294297840061CB17 /* DetailView.swift */ = {isa = PBXFileReference; lastKnownFileType = sourcecode.swift; path = DetailView.swift; sourceTree = "<group>"; };
/* End PBXFileReference section */

/* Begin PBXFrameworksBuildPhase section */
		349E49532941596200D100A0 /* Frameworks */ = {
			isa = PBXFrameworksBuildPhase;
			buildActionMask = 2147483647;
			files = (
			);
			runOnlyForDeploymentPostprocessing = 0;
		};
/* End PBXFrameworksBuildPhase section */

/* Begin PBXGroup section */
		349E494D2941596200D100A0 = {
			isa = PBXGroup;
			children = (
				349E49582941596200D100A0 /* PersonLookup */,
				349E49572941596200D100A0 /* Products */,
			);
			sourceTree = "<group>";
		};
		349E49572941596200D100A0 /* Products */ = {
			isa = PBXGroup;
			children = (
				349E49562941596200D100A0 /* PersonLookup.app */,
			);
			name = Products;
			sourceTree = "<group>";
		};
		349E49582941596200D100A0 /* PersonLookup */ = {
			isa = PBXGroup;
			children = (
				349E49592941596200D100A0 /* PersonLookupApp.swift */,
				349E495B2941596200D100A0 /* ContentView.swift */,
				34CB739D294297840061CB17 /* DetailView.swift */,
				349E496E29415BEF00D100A0 /* AddPersonView.swift */,
				341195662942B07000806BA9 /* LocationFetcher.swift */,
				349E497229415C3300D100A0 /* FileManager-DocumentsDirectory.swift */,
				349E497029415C1900D100A0 /* ImagePicker.swift */,
				349E496C29415AD200D100A0 /* PersonListView.swift */,
				349E496A294159C600D100A0 /* Person.swift */,
				3411956C2942B3E100806BA9 /* PersonOriginal.swift */,
				349E49682941599B00D100A0 /* ContentView-ViewModel.swift */,
				349E495D2941596400D100A0 /* Assets.xcassets */,
				349E495F2941596400D100A0 /* PersonLookup.entitlements */,
				349E49602941596400D100A0 /* Preview Content */,
			);
			path = PersonLookup;
			sourceTree = "<group>";
		};
		349E49602941596400D100A0 /* Preview Content */ = {
			isa = PBXGroup;
			children = (
				349E49612941596400D100A0 /* Preview Assets.xcassets */,
			);
			path = "Preview Content";
			sourceTree = "<group>";
		};
/* End PBXGroup section */

/* Begin PBXNativeTarget section */
		349E49552941596200D100A0 /* PersonLookup */ = {
			isa = PBXNativeTarget;
			buildConfigurationList = 349E49652941596400D100A0 /* Build configuration list for PBXNativeTarget "PersonLookup" */;
			buildPhases = (
				349E49522941596200D100A0 /* Sources */,
				349E49532941596200D100A0 /* Frameworks */,
				349E49542941596200D100A0 /* Resources */,
			);
			buildRules = (
			);
			dependencies = (
			);
			name = PersonLookup;
			productName = PersonLookup;
			productReference = 349E49562941596200D100A0 /* PersonLookup.app */;
			productType = "com.apple.product-type.application";
		};
/* End PBXNativeTarget section */

/* Begin PBXProject section */
		349E494E2941596200D100A0 /* Project object */ = {
			isa = PBXProject;
			attributes = {
				BuildIndependentTargetsInParallel = 1;
				LastSwiftUpdateCheck = 1400;
				LastUpgradeCheck = 1400;
				TargetAttributes = {
					349E49552941596200D100A0 = {
						CreatedOnToolsVersion = 14.0.1;
					};
				};
			};
			buildConfigurationList = 349E49512941596200D100A0 /* Build configuration list for PBXProject "PersonLookup" */;
			compatibilityVersion = "Xcode 14.0";
			developmentRegion = en;
			hasScannedForEncodings = 0;
			knownRegions = (
				en,
				Base,
			);
			mainGroup = 349E494D2941596200D100A0;
			productRefGroup = 349E49572941596200D100A0 /* Products */;
			projectDirPath = "";
			projectRoot = "";
			targets = (
				349E49552941596200D100A0 /* PersonLookup */,
			);
		};
/* End PBXProject section */

/* Begin PBXResourcesBuildPhase section */
		349E49542941596200D100A0 /* Resources */ = {
			isa = PBXResourcesBuildPhase;
			buildActionMask = 2147483647;
			files = (
				349E49622941596400D100A0 /* Preview Assets.xcassets in Resources */,
				349E495E2941596400D100A0 /* Assets.xcassets in Resources */,
			);
			runOnlyForDeploymentPostprocessing = 0;
		};
/* End PBXResourcesBuildPhase section */

/* Begin PBXSourcesBuildPhase section */
		349E49522941596200D100A0 /* Sources */ = {
			isa = PBXSourcesBuildPhase;
			buildActionMask = 2147483647;
			files = (
				349E495C2941596200D100A0 /* ContentView.swift in Sources */,
				34CB739E294297840061CB17 /* DetailView.swift in Sources */,
				349E49692941599B00D100A0 /* ContentView-ViewModel.swift in Sources */,
				349E496B294159C700D100A0 /* Person.swift in Sources */,
				349E497129415C1900D100A0 /* ImagePicker.swift in Sources */,
				349E495A2941596200D100A0 /* PersonLookupApp.swift in Sources */,
				349E496D29415AD200D100A0 /* PersonListView.swift in Sources */,
				349E497329415C3300D100A0 /* FileManager-DocumentsDirectory.swift in Sources */,
				349E496F29415BEF00D100A0 /* AddPersonView.swift in Sources */,
				341195672942B07000806BA9 /* LocationFetcher.swift in Sources */,
				3411956D2942B3E100806BA9 /* PersonOriginal.swift in Sources */,
			);
			runOnlyForDeploymentPostprocessing = 0;
		};
/* End PBXSourcesBuildPhase section */

/* Begin XCBuildConfiguration section */
		349E49632941596400D100A0 /* Debug */ = {
			isa = XCBuildConfiguration;
			buildSettings = {
				ALWAYS_SEARCH_USER_PATHS = NO;
				CLANG_ANALYZER_NONNULL = YES;
				CLANG_ANALYZER_NUMBER_OBJECT_CONVERSION = YES_AGGRESSIVE;
				CLANG_CXX_LANGUAGE_STANDARD = "gnu++20";
				CLANG_ENABLE_MODULES = YES;
				CLANG_ENABLE_OBJC_ARC = YES;
				CLANG_ENABLE_OBJC_WEAK = YES;
				CLANG_WARN_BLOCK_CAPTURE_AUTORELEASING = YES;
				CLANG_WARN_BOOL_CONVERSION = YES;
				CLANG_WARN_COMMA = YES;
				CLANG_WARN_CONSTANT_CONVERSION = YES;
				CLANG_WARN_DEPRECATED_OBJC_IMPLEMENTATIONS = YES;
				CLANG_WARN_DIRECT_OBJC_ISA_USAGE = YES_ERROR;
				CLANG_WARN_DOCUMENTATION_COMMENTS = YES;
				CLANG_WARN_EMPTY_BODY = YES;
				CLANG_WARN_ENUM_CONVERSION = YES;
				CLANG_WARN_INFINITE_RECURSION = YES;
				CLANG_WARN_INT_CONVERSION = YES;
				CLANG_WARN_NON_LITERAL_NULL_CONVERSION = YES;
				CLANG_WARN_OBJC_IMPLICIT_RETAIN_SELF = YES;
				CLANG_WARN_OBJC_LITERAL_CONVERSION = YES;
				CLANG_WARN_OBJC_ROOT_CLASS = YES_ERROR;
				CLANG_WARN_QUOTED_INCLUDE_IN_FRAMEWORK_HEADER = YES;
				CLANG_WARN_RANGE_LOOP_ANALYSIS = YES;
				CLANG_WARN_STRICT_PROTOTYPES = YES;
				CLANG_WARN_SUSPICIOUS_MOVE = YES;
				CLANG_WARN_UNGUARDED_AVAILABILITY = YES_AGGRESSIVE;
				CLANG_WARN_UNREACHABLE_CODE = YES;
				CLANG_WARN__DUPLICATE_METHOD_MATCH = YES;
				COPY_PHASE_STRIP = NO;
				DEBUG_INFORMATION_FORMAT = dwarf;
				ENABLE_STRICT_OBJC_MSGSEND = YES;
				ENABLE_TESTABILITY = YES;
				GCC_C_LANGUAGE_STANDARD = gnu11;
				GCC_DYNAMIC_NO_PIC = NO;
				GCC_NO_COMMON_BLOCKS = YES;
				GCC_OPTIMIZATION_LEVEL = 0;
				GCC_PREPROCESSOR_DEFINITIONS = (
					"DEBUG=1",
					"$(inherited)",
				);
				GCC_WARN_64_TO_32_BIT_CONVERSION = YES;
				GCC_WARN_ABOUT_RETURN_TYPE = YES_ERROR;
				GCC_WARN_UNDECLARED_SELECTOR = YES;
				GCC_WARN_UNINITIALIZED_AUTOS = YES_AGGRESSIVE;
				GCC_WARN_UNUSED_FUNCTION = YES;
				GCC_WARN_UNUSED_VARIABLE = YES;
				MTL_ENABLE_DEBUG_INFO = INCLUDE_SOURCE;
				MTL_FAST_MATH = YES;
				ONLY_ACTIVE_ARCH = YES;
				SWIFT_ACTIVE_COMPILATION_CONDITIONS = DEBUG;
				SWIFT_OPTIMIZATION_LEVEL = "-Onone";
			};
			name = Debug;
		};
		349E49642941596400D100A0 /* Release */ = {
			isa = XCBuildConfiguration;
			buildSettings = {
				ALWAYS_SEARCH_USER_PATHS = NO;
				CLANG_ANALYZER_NONNULL = YES;
				CLANG_ANALYZER_NUMBER_OBJECT_CONVERSION = YES_AGGRESSIVE;
				CLANG_CXX_LANGUAGE_STANDARD = "gnu++20";
				CLANG_ENABLE_MODULES = YES;
				CLANG_ENABLE_OBJC_ARC = YES;
				CLANG_ENABLE_OBJC_WEAK = YES;
				CLANG_WARN_BLOCK_CAPTURE_AUTORELEASING = YES;
				CLANG_WARN_BOOL_CONVERSION = YES;
				CLANG_WARN_COMMA = YES;
				CLANG_WARN_CONSTANT_CONVERSION = YES;
				CLANG_WARN_DEPRECATED_OBJC_IMPLEMENTATIONS = YES;
				CLANG_WARN_DIRECT_OBJC_ISA_USAGE = YES_ERROR;
				CLANG_WARN_DOCUMENTATION_COMMENTS = YES;
				CLANG_WARN_EMPTY_BODY = YES;
				CLANG_WARN_ENUM_CONVERSION = YES;
				CLANG_WARN_INFINITE_RECURSION = YES;
				CLANG_WARN_INT_CONVERSION = YES;
				CLANG_WARN_NON_LITERAL_NULL_CONVERSION = YES;
				CLANG_WARN_OBJC_IMPLICIT_RETAIN_SELF = YES;
				CLANG_WARN_OBJC_LITERAL_CONVERSION = YES;
				CLANG_WARN_OBJC_ROOT_CLASS = YES_ERROR;
				CLANG_WARN_QUOTED_INCLUDE_IN_FRAMEWORK_HEADER = YES;
				CLANG_WARN_RANGE_LOOP_ANALYSIS = YES;
				CLANG_WARN_STRICT_PROTOTYPES = YES;
				CLANG_WARN_SUSPICIOUS_MOVE = YES;
				CLANG_WARN_UNGUARDED_AVAILABILITY = YES_AGGRESSIVE;
				CLANG_WARN_UNREACHABLE_CODE = YES;
				CLANG_WARN__DUPLICATE_METHOD_MATCH = YES;
				COPY_PHASE_STRIP = NO;
				DEBUG_INFORMATION_FORMAT = "dwarf-with-dsym";
				ENABLE_NS_ASSERTIONS = NO;
				ENABLE_STRICT_OBJC_MSGSEND = YES;
				GCC_C_LANGUAGE_STANDARD = gnu11;
				GCC_NO_COMMON_BLOCKS = YES;
				GCC_WARN_64_TO_32_BIT_CONVERSION = YES;
				GCC_WARN_ABOUT_RETURN_TYPE = YES_ERROR;
				GCC_WARN_UNDECLARED_SELECTOR = YES;
				GCC_WARN_UNINITIALIZED_AUTOS = YES_AGGRESSIVE;
				GCC_WARN_UNUSED_FUNCTION = YES;
				GCC_WARN_UNUSED_VARIABLE = YES;
				MTL_ENABLE_DEBUG_INFO = NO;
				MTL_FAST_MATH = YES;
				SWIFT_COMPILATION_MODE = wholemodule;
				SWIFT_OPTIMIZATION_LEVEL = "-O";
			};
			name = Release;
		};
		349E49662941596400D100A0 /* Debug */ = {
			isa = XCBuildConfiguration;
			buildSettings = {
				ASSETCATALOG_COMPILER_APPICON_NAME = AppIcon;
				ASSETCATALOG_COMPILER_GLOBAL_ACCENT_COLOR_NAME = AccentColor;
				CODE_SIGN_ENTITLEMENTS = PersonLookup/PersonLookup.entitlements;
				CODE_SIGN_STYLE = Automatic;
				CURRENT_PROJECT_VERSION = 1;
				DEVELOPMENT_ASSET_PATHS = "\"PersonLookup/Preview Content\"";
				ENABLE_PREVIEWS = YES;
				GENERATE_INFOPLIST_FILE = YES;
				INFOPLIST_KEY_NSLocationWhenInUseUsageDescription = "Allow to access location";
				"INFOPLIST_KEY_UIApplicationSceneManifest_Generation[sdk=iphoneos*]" = YES;
				"INFOPLIST_KEY_UIApplicationSceneManifest_Generation[sdk=iphonesimulator*]" = YES;
				"INFOPLIST_KEY_UIApplicationSupportsIndirectInputEvents[sdk=iphoneos*]" = YES;
				"INFOPLIST_KEY_UIApplicationSupportsIndirectInputEvents[sdk=iphonesimulator*]" = YES;
				"INFOPLIST_KEY_UILaunchScreen_Generation[sdk=iphoneos*]" = YES;
				"INFOPLIST_KEY_UILaunchScreen_Generation[sdk=iphonesimulator*]" = YES;
				"INFOPLIST_KEY_UIStatusBarStyle[sdk=iphoneos*]" = UIStatusBarStyleDefault;
				"INFOPLIST_KEY_UIStatusBarStyle[sdk=iphonesimulator*]" = UIStatusBarStyleDefault;
				INFOPLIST_KEY_UISupportedInterfaceOrientations_iPad = "UIInterfaceOrientationPortrait UIInterfaceOrientationPortraitUpsideDown UIInterfaceOrientationLandscapeLeft UIInterfaceOrientationLandscapeRight";
				INFOPLIST_KEY_UISupportedInterfaceOrientations_iPhone = "UIInterfaceOrientationPortrait UIInterfaceOrientationLandscapeLeft UIInterfaceOrientationLandscapeRight";
				IPHONEOS_DEPLOYMENT_TARGET = 16.0;
				LD_RUNPATH_SEARCH_PATHS = "@executable_path/Frameworks";
				"LD_RUNPATH_SEARCH_PATHS[sdk=macosx*]" = "@executable_path/../Frameworks";
				MACOSX_DEPLOYMENT_TARGET = 12.3;
				MARKETING_VERSION = 1.0;
				PRODUCT_BUNDLE_IDENTIFIER = Annalie.PersonLookup;
				PRODUCT_NAME = "$(TARGET_NAME)";
				SDKROOT = auto;
				SUPPORTED_PLATFORMS = "iphoneos iphonesimulator macosx";
				SWIFT_EMIT_LOC_STRINGS = YES;
				SWIFT_VERSION = 5.0;
				TARGETED_DEVICE_FAMILY = "1,2";
			};
			name = Debug;
		};
		349E49672941596400D100A0 /* Release */ = {
			isa = XCBuildConfiguration;
			buildSettings = {
				ASSETCATALOG_COMPILER_APPICON_NAME = AppIcon;
				ASSETCATALOG_COMPILER_GLOBAL_ACCENT_COLOR_NAME = AccentColor;
				CODE_SIGN_ENTITLEMENTS = PersonLookup/PersonLookup.entitlements;
				CODE_SIGN_STYLE = Automatic;
				CURRENT_PROJECT_VERSION = 1;
				DEVELOPMENT_ASSET_PATHS = "\"PersonLookup/Preview Content\"";
				ENABLE_PREVIEWS = YES;
				GENERATE_INFOPLIST_FILE = YES;
				INFOPLIST_KEY_NSLocationWhenInUseUsageDescription = "Allow to access location";
				"INFOPLIST_KEY_UIApplicationSceneManifest_Generation[sdk=iphoneos*]" = YES;
				"INFOPLIST_KEY_UIApplicationSceneManifest_Generation[sdk=iphonesimulator*]" = YES;
				"INFOPLIST_KEY_UIApplicationSupportsIndirectInputEvents[sdk=iphoneos*]" = YES;
				"INFOPLIST_KEY_UIApplicationSupportsIndirectInputEvents[sdk=iphonesimulator*]" = YES;
				"INFOPLIST_KEY_UILaunchScreen_Generation[sdk=iphoneos*]" = YES;
				"INFOPLIST_KEY_UILaunchScreen_Generation[sdk=iphonesimulator*]" = YES;
				"INFOPLIST_KEY_UIStatusBarStyle[sdk=iphoneos*]" = UIStatusBarStyleDefault;
				"INFOPLIST_KEY_UIStatusBarStyle[sdk=iphonesimulator*]" = UIStatusBarStyleDefault;
				INFOPLIST_KEY_UISupportedInterfaceOrientations_iPad = "UIInterfaceOrientationPortrait UIInterfaceOrientationPortraitUpsideDown UIInterfaceOrientationLandscapeLeft UIInterfaceOrientationLandscapeRight";
				INFOPLIST_KEY_UISupportedInterfaceOrientations_iPhone = "UIInterfaceOrientationPortrait UIInterfaceOrientationLandscapeLeft UIInterfaceOrientationLandscapeRight";
				IPHONEOS_DEPLOYMENT_TARGET = 16.0;
				LD_RUNPATH_SEARCH_PATHS = "@executable_path/Frameworks";
				"LD_RUNPATH_SEARCH_PATHS[sdk=macosx*]" = "@executable_path/../Frameworks";
				MACOSX_DEPLOYMENT_TARGET = 12.3;
				MARKETING_VERSION = 1.0;
				PRODUCT_BUNDLE_IDENTIFIER = Annalie.PersonLookup;
				PRODUCT_NAME = "$(TARGET_NAME)";
				SDKROOT = auto;
				SUPPORTED_PLATFORMS = "iphoneos iphonesimulator macosx";
				SWIFT_EMIT_LOC_STRINGS = YES;
				SWIFT_VERSION = 5.0;
				TARGETED_DEVICE_FAMILY = "1,2";
			};
			name = Release;
		};
/* End XCBuildConfiguration section */

/* Begin XCConfigurationList section */
		349E49512941596200D100A0 /* Build configuration list for PBXProject "PersonLookup" */ = {
			isa = XCConfigurationList;
			buildConfigurations = (
				349E49632941596400D100A0 /* Debug */,
				349E49642941596400D100A0 /* Release */,
			);
			defaultConfigurationIsVisible = 0;
			defaultConfigurationName = Release;
		};
		349E49652941596400D100A0 /* Build configuration list for PBXNativeTarget "PersonLookup" */ = {
			isa = XCConfigurationList;
			buildConfigurations = (
				349E49662941596400D100A0 /* Debug */,
				349E49672941596400D100A0 /* Release */,
			);
			defaultConfigurationIsVisible = 0;
			defaultConfigurationName = Release;
		};
/* End XCConfigurationList section */
	};
	rootObject = 349E494E2941596200D100A0 /* Project object */;
}
